
Microsoft Visual Studio Solution File, Format Version 12.00
# Visual Studio Version 16
VisualStudioVersion = 16.0.30611.23
MinimumVisualStudioVersion = 10.0.40219.1
Project("{9A19103F-16F7-4668-BE54-9A1E7A4F7556}") = "KK.KKBlog.Entities", "KK.KKBlog.Entities\KK.KKBlog.Entities.csproj", "{21556F54-B517-49E8-AFF8-1C51400535EE}"
EndProject
Project("{9A19103F-16F7-4668-BE54-9A1E7A4F7556}") = "KK.KKBlog.DataAccess", "KK.KKBlog.DataAccess\KK.KKBlog.DataAccess.csproj", "{B49B3336-1DFE-4FBE-80AE-8988532F3FE4}"
EndProject
Project("{9A19103F-16F7-4668-BE54-9A1E7A4F7556}") = "KK.KKBlog.Business", "KK.KKBlog.Business\KK.KKBlog.Business.csproj", "{3BCBE865-3AD9-4AC9-B173-FAF87046C42D}"
EndProject
Project("{FAE04EC0-301F-11D3-BF4B-00C04F79EFBC}") = "KK.KKBlog.WebApi", "KK.KKBlog.WebApi\KK.KKBlog.WebApi.csproj", "{9C02FBDF-B942-4C61-AA84-8E3F42451593}"
EndProject
Project("{FAE04EC0-301F-11D3-BF4B-00C04F79EFBC}") = "KK.KKBlog.DTO", "KK.KKBlog.DTO\KK.KKBlog.DTO.csproj", "{0C070FD2-956A-48B4-8255-BE9491DBF8B5}"
EndProject
Global
	GlobalSection(SolutionConfigurationPlatforms) = preSolution
		Debug|Any CPU = Debug|Any CPU
		Release|Any CPU = Release|Any CPU
	EndGlobalSection
	GlobalSection(ProjectConfigurationPlatforms) = postSolution
		{21556F54-B517-49E8-AFF8-1C51400535EE}.Debug|Any CPU.ActiveCfg = Debug|Any CPU
		{21556F54-B517-49E8-AFF8-1C51400535EE}.Debug|Any CPU.Build.0 = Debug|Any CPU
		{21556F54-B517-49E8-AFF8-1C51400535EE}.Release|Any CPU.ActiveCfg = Release|Any CPU
		{21556F54-B517-49E8-AFF8-1C51400535EE}.Release|Any CPU.Build.0 = Release|Any CPU
		{B49B3336-1DFE-4FBE-80AE-8988532F3FE4}.Debug|Any CPU.ActiveCfg = Debug|Any CPU
		{B49B3336-1DFE-4FBE-80AE-8988532F3FE4}.Debug|Any CPU.Build.0 = Debug|Any CPU
		{B49B3336-1DFE-4FBE-80AE-8988532F3FE4}.Release|Any CPU.ActiveCfg = Release|Any CPU
		{B49B3336-1DFE-4FBE-80AE-8988532F3FE4}.Release|Any CPU.Build.0 = Release|Any CPU
		{3BCBE865-3AD9-4AC9-B173-FAF87046C42D}.Debug|Any CPU.ActiveCfg = Debug|Any CPU
		{3BCBE865-3AD9-4AC9-B173-FAF87046C42D}.Debug|Any CPU.Build.0 = Debug|Any CPU
		{3BCBE865-3AD9-4AC9-B173-FAF87046C42D}.Release|Any CPU.ActiveCfg = Release|Any CPU
		{3BCBE865-3AD9-4AC9-B173-FAF87046C42D}.Release|Any CPU.Build.0 = Release|Any CPU
		{9C02FBDF-B942-4C61-AA84-8E3F42451593}.Debug|Any CPU.ActiveCfg = Debug|Any CPU
		{9C02FBDF-B942-4C61-AA84-8E3F42451593}.Debug|Any CPU.Build.0 = Debug|Any CPU
		{9C02FBDF-B942-4C61-AA84-8E3F42451593}.Release|Any CPU.ActiveCfg = Release|Any CPU
		{9C02FBDF-B942-4C61-AA84-8E3F42451593}.Release|Any CPU.Build.0 = Release|Any CPU
		{0C070FD2-956A-48B4-8255-BE9491DBF8B5}.Debug|Any CPU.ActiveCfg = Debug|Any CPU
		{0C070FD2-956A-48B4-8255-BE9491DBF8B5}.Debug|Any CPU.Build.0 = Debug|Any CPU
		{0C070FD2-956A-48B4-8255-BE9491DBF8B5}.Release|Any CPU.ActiveCfg = Release|Any CPU
		{0C070FD2-956A-48B4-8255-BE9491DBF8B5}.Release|Any CPU.Build.0 = Release|Any CPU
	EndGlobalSection
	GlobalSection(SolutionProperties) = preSolution
		HideSolutionNode = FALSE
	EndGlobalSection
	GlobalSection(ExtensibilityGlobals) = postSolution
		SolutionGuid = {4C3163BC-F676-4BDE-B60A-B7E136CC523F}
	EndGlobalSection
EndGlobal
